Microsoft Visual Studio Solution File, Format Version 8.00
Project("{8BC9CEB8-8B4A-11D0-8D11-00A0C91BC942}") = "PIEM2D_test", "PIEM2D_test.vcproj", "{3FC8BAB5-43BD-42D8-893D-12007FF46FCF}"
	ProjectSection(ProjectDependencies) = postProject
	EndProjectSection
EndProject
Global
	GlobalSection(SolutionConfiguration) = preSolution
		Debug = Debug
		Release = Release
	EndGlobalSection
	GlobalSection(ProjectConfiguration) = postSolution
		{3FC8BAB5-43BD-42D8-893D-12007FF46FCF}.Debug.ActiveCfg = Debug|Win32
		{3FC8BAB5-43BD-42D8-893D-12007FF46FCF}.Debug.Build.0 = Debug|Win32
		{3FC8BAB5-43BD-42D8-893D-12007FF46FCF}.Release.ActiveCfg = Release|Win32
		{3FC8BAB5-43BD-42D8-893D-12007FF46FCF}.Release.Build.0 = Release|Win32
	EndGlobalSection
	GlobalSection(ExtensibilityGlobals) = postSolution
	EndGlobalSection
	GlobalSection(ExtensibilityAddIns) = postSolution
	EndGlobalSection
EndGlobal
