Microsoft Visual Studio Solution File, Format Version 8.00
Project("{8BC9CEB8-8B4A-11D0-8D11-00A0C91BC942}") = "quadmesh_generator", "quadmesh_generator.vcproj", "{E69A63EB-AAEA-49FB-9A87-85CF1DCBF149}"
	ProjectSection(ProjectDependencies) = postProject
	EndProjectSection
EndProject
Global
	GlobalSection(SolutionConfiguration) = preSolution
		Debug = Debug
		Release = Release
	EndGlobalSection
	GlobalSection(ProjectConfiguration) = postSolution
		{E69A63EB-AAEA-49FB-9A87-85CF1DCBF149}.Debug.ActiveCfg = Debug|Win32
		{E69A63EB-AAEA-49FB-9A87-85CF1DCBF149}.Debug.Build.0 = Debug|Win32
		{E69A63EB-AAEA-49FB-9A87-85CF1DCBF149}.Release.ActiveCfg = Release|Win32
		{E69A63EB-AAEA-49FB-9A87-85CF1DCBF149}.Release.Build.0 = Release|Win32
	EndGlobalSection
	GlobalSection(ExtensibilityGlobals) = postSolution
	EndGlobalSection
	GlobalSection(ExtensibilityAddIns) = postSolution
	EndGlobalSection
EndGlobal
